
Microsoft Visual Studio Solution File, Format Version 12.00
# Visual Studio Version 17
VisualStudioVersion = 17.1.32407.343
MinimumVisualStudioVersion = 10.0.40219.1
Project("{9A19103F-16F7-4668-BE54-9A1E7A4F7556}") = "ConsultaCalendario", "ConsultaCalendario\ConsultaCalendario.csproj", "{ADBAAB38-E3B8-403F-B667-7AE636296759}"
EndProject
Project("{FAE04EC0-301F-11D3-BF4B-00C04F79EFBC}") = "ConsultaCalendarioTestes", "ConsultaCalendarioTestes\ConsultaCalendarioTestes.csproj", "{A6DEF881-C157-486E-8B69-C689BDE994F3}"
EndProject
Global
	GlobalSection(SolutionConfigurationPlatforms) = preSolution
		Debug|Any CPU = Debug|Any CPU
		Release|Any CPU = Release|Any CPU
	EndGlobalSection
	GlobalSection(ProjectConfigurationPlatforms) = postSolution
		{ADBAAB38-E3B8-403F-B667-7AE636296759}.Debug|Any CPU.ActiveCfg = Debug|Any CPU
		{ADBAAB38-E3B8-403F-B667-7AE636296759}.Debug|Any CPU.Build.0 = Debug|Any CPU
		{ADBAAB38-E3B8-403F-B667-7AE636296759}.Release|Any CPU.ActiveCfg = Release|Any CPU
		{ADBAAB38-E3B8-403F-B667-7AE636296759}.Release|Any CPU.Build.0 = Release|Any CPU
		{A6DEF881-C157-486E-8B69-C689BDE994F3}.Debug|Any CPU.ActiveCfg = Debug|Any CPU
		{A6DEF881-C157-486E-8B69-C689BDE994F3}.Debug|Any CPU.Build.0 = Debug|Any CPU
		{A6DEF881-C157-486E-8B69-C689BDE994F3}.Release|Any CPU.ActiveCfg = Release|Any CPU
		{A6DEF881-C157-486E-8B69-C689BDE994F3}.Release|Any CPU.Build.0 = Release|Any CPU
	EndGlobalSection
	GlobalSection(SolutionProperties) = preSolution
		HideSolutionNode = FALSE
	EndGlobalSection
	GlobalSection(ExtensibilityGlobals) = postSolution
		SolutionGuid = {DCA794FE-36E7-4B7D-A902-6871E260C4C5}
	EndGlobalSection
EndGlobal
